{
  "name": "djs-utils",
  "version": "1.1.0",
  "lockfileVersion": 2,
  "requires": true,
  "packages": {
    "": {
      "name": "djs-utils",
      "version": "1.1.0",
      "license": "ISC",
      "dependencies": {
        "date-and-time": "^1.0.0",
        "fuse.js": "^6.4.6",
        "pretty-ms": "^7.0.1",
        "url-lengthener": "^1.4.3"
      }
    },
    "node_modules/date-and-time": {
      "version": "1.0.0",
      "resolved": "https://registry.npmjs.org/date-and-time/-/date-and-time-1.0.0.tgz",
      "integrity": "sha512-477D7ypIiqlXBkxhU7YtG9wWZJEQ+RUpujt2quTfgf4+E8g5fNUkB0QIL0bVyP5/TKBg8y55Hfa1R/c4bt3dEw=="
    },
    "node_modules/fuse.js": {
      "version": "6.4.6",
      "resolved": "https://registry.npmjs.org/fuse.js/-/fuse.js-6.4.6.tgz",
      "integrity": "sha512-/gYxR/0VpXmWSfZOIPS3rWwU8SHgsRTwWuXhyb2O6s7aRuVtHtxCkR33bNYu3wyLyNx/Wpv0vU7FZy8Vj53VNw==",
      "engines": {
        "node": ">=10"
      }
    },
    "node_modules/parse-ms": {
      "version": "2.1.0",
      "resolved": "https://registry.npmjs.org/parse-ms/-/parse-ms-2.1.0.tgz",
      "integrity": "sha512-kHt7kzLoS9VBZfUsiKjv43mr91ea+U05EyKkEtqp7vNbHxmaVuEqN7XxeEVnGrMtYOAxGrDElSi96K7EgO1zCA==",
      "engines": {
        "node": ">=6"
      }
    },
    "node_modules/pretty-ms": {
      "version": "7.0.1",
      "resolved": "https://registry.npmjs.org/pretty-ms/-/pretty-ms-7.0.1.tgz",
      "integrity": "sha512-973driJZvxiGOQ5ONsFhOF/DtzPMOMtgC11kCpUrPGMTgqp2q/1gwzCquocrN33is0VZ5GFHXZYMM9l6h67v2Q==",
      "dependencies": {
        "parse-ms": "^2.1.0"
      },
      "engines": {
        "node": ">=10"
      }
    },
    "node_modules/url-lengthener": {
      "version": "1.4.3",
      "resolved": "https://registry.npmjs.org/url-lengthener/-/url-lengthener-1.4.3.tgz",
      "integrity": "sha512-tRL8GJMjUREesTOiXygw/3Xplwvcnx0ZynOS/9OU4Z+31NiNZ1aJexQi6YDmpEAuuEwnDhgClmzzZYRPxE63XQ=="
    }
  },
  "dependencies": {
    "date-and-time": {
      "version": "1.0.0",
      "resolved": "https://registry.npmjs.org/date-and-time/-/date-and-time-1.0.0.tgz",
      "integrity": "sha512-477D7ypIiqlXBkxhU7YtG9wWZJEQ+RUpujt2quTfgf4+E8g5fNUkB0QIL0bVyP5/TKBg8y55Hfa1R/c4bt3dEw=="
    },
    "fuse.js": {
      "version": "6.4.6",
      "resolved": "https://registry.npmjs.org/fuse.js/-/fuse.js-6.4.6.tgz",
      "integrity": "sha512-/gYxR/0VpXmWSfZOIPS3rWwU8SHgsRTwWuXhyb2O6s7aRuVtHtxCkR33bNYu3wyLyNx/Wpv0vU7FZy8Vj53VNw=="
    },
    "parse-ms": {
      "version": "2.1.0",
      "resolved": "https://registry.npmjs.org/parse-ms/-/parse-ms-2.1.0.tgz",
      "integrity": "sha512-kHt7kzLoS9VBZfUsiKjv43mr91ea+U05EyKkEtqp7vNbHxmaVuEqN7XxeEVnGrMtYOAxGrDElSi96K7EgO1zCA=="
    },
    "pretty-ms": {
      "version": "7.0.1",
      "resolved": "https://registry.npmjs.org/pretty-ms/-/pretty-ms-7.0.1.tgz",
      "integrity": "sha512-973driJZvxiGOQ5ONsFhOF/DtzPMOMtgC11kCpUrPGMTgqp2q/1gwzCquocrN33is0VZ5GFHXZYMM9l6h67v2Q==",
      "requires": {
        "parse-ms": "^2.1.0"
      }
    },
    "url-lengthener": {
      "version": "1.4.3",
      "resolved": "https://registry.npmjs.org/url-lengthener/-/url-lengthener-1.4.3.tgz",
      "integrity": "sha512-tRL8GJMjUREesTOiXygw/3Xplwvcnx0ZynOS/9OU4Z+31NiNZ1aJexQi6YDmpEAuuEwnDhgClmzzZYRPxE63XQ=="
    }
  }
}
